
Microsoft Visual Studio Solution File, Format Version 12.00
# Visual Studio Version 16
VisualStudioVersion = 16.0.30523.141
MinimumVisualStudioVersion = 10.0.40219.1
Project("{FAE04EC0-301F-11D3-BF4B-00C04F79EFBC}") = "curs2", "curs2.csproj", "{8F6EC2C4-E1D7-4550-9A32-6D9EBE691758}"
EndProject
Global
	GlobalSection(SolutionConfigurationPlatforms) = preSolution
		Debug|Any CPU = Debug|Any CPU
		Release|Any CPU = Release|Any CPU
	EndGlobalSection
	GlobalSection(ProjectConfigurationPlatforms) = postSolution
		{8F6EC2C4-E1D7-4550-9A32-6D9EBE691758}.Debug|Any CPU.ActiveCfg = Debug|Any CPU
		{8F6EC2C4-E1D7-4550-9A32-6D9EBE691758}.Debug|Any CPU.Build.0 = Debug|Any CPU
		{8F6EC2C4-E1D7-4550-9A32-6D9EBE691758}.Release|Any CPU.ActiveCfg = Release|Any CPU
		{8F6EC2C4-E1D7-4550-9A32-6D9EBE691758}.Release|Any CPU.Build.0 = Release|Any CPU
	EndGlobalSection
	GlobalSection(SolutionProperties) = preSolution
		HideSolutionNode = FALSE
	EndGlobalSection
	GlobalSection(ExtensibilityGlobals) = postSolution
		SolutionGuid = {EB6CAD34-E637-45DE-A4A1-93B7F88B1C35}
	EndGlobalSection
EndGlobal
